dependencies:
  espressif/ssd1306:
    component_hash: 102cfc05b1b304862fa3f494e9dd955844bcc5f6cb16596e4ca5df3e6bf9fd0d
    dependencies:
    - name: idf
      require: private
      version: '>=4.0'
    source:
      registry_url: https://components.espressif.com/
      type: service
    version: 1.0.5~1
  idf:
    source:
      type: idf
    version: 5.5.1
direct_dependencies:
- espressif/ssd1306
- idf
manifest_hash: b0a24a1f59ef9f8db77534331007b9fb51c44deb99d0bb0de2fb427ff3a658a5
target: esp32s2
version: 2.0.0
